
Microsoft Visual Studio Solution File, Format Version 12.00
# Visual Studio Version 16
VisualStudioVersion = 16.0.31410.357
MinimumVisualStudioVersion = 10.0.40219.1
Project("{9A19103F-16F7-4668-BE54-9A1E7A4F7556}") = "Business", "Business\Business.csproj", "{052DF080-1177-42E9-A597-0515F3B97460}"
EndProject
Project("{9A19103F-16F7-4668-BE54-9A1E7A4F7556}") = "DataAccess", "DataAccess\DataAccess.csproj", "{66897FA0-AA23-44CE-A26B-E1AB1332F8C3}"
EndProject
Project("{9A19103F-16F7-4668-BE54-9A1E7A4F7556}") = "Entity", "Entity\Entity.csproj", "{A34C48DB-12C6-4676-B723-98C865669EFB}"
EndProject
Project("{9A19103F-16F7-4668-BE54-9A1E7A4F7556}") = "Core", "Core\Core.csproj", "{41D2AB78-1683-4900-8F70-44281014AF5F}"
EndProject
Project("{9A19103F-16F7-4668-BE54-9A1E7A4F7556}") = "UI", "UI\UI.csproj", "{27114737-6AAE-4C60-9EB8-96D56AB94C01}"
EndProject
Project("{FAE04EC0-301F-11D3-BF4B-00C04F79EFBC}") = "WebAPI", "WebAPI\WebAPI.csproj", "{AC428669-3EAA-45AC-AA6E-ED3463CB37E3}"
EndProject
Global
	GlobalSection(SolutionConfigurationPlatforms) = preSolution
		Debug|Any CPU = Debug|Any CPU
		Release|Any CPU = Release|Any CPU
	EndGlobalSection
	GlobalSection(ProjectConfigurationPlatforms) = postSolution
		{052DF080-1177-42E9-A597-0515F3B97460}.Debug|Any CPU.ActiveCfg = Debug|Any CPU
		{052DF080-1177-42E9-A597-0515F3B97460}.Debug|Any CPU.Build.0 = Debug|Any CPU
		{052DF080-1177-42E9-A597-0515F3B97460}.Release|Any CPU.ActiveCfg = Release|Any CPU
		{052DF080-1177-42E9-A597-0515F3B97460}.Release|Any CPU.Build.0 = Release|Any CPU
		{66897FA0-AA23-44CE-A26B-E1AB1332F8C3}.Debug|Any CPU.ActiveCfg = Debug|Any CPU
		{66897FA0-AA23-44CE-A26B-E1AB1332F8C3}.Debug|Any CPU.Build.0 = Debug|Any CPU
		{66897FA0-AA23-44CE-A26B-E1AB1332F8C3}.Release|Any CPU.ActiveCfg = Release|Any CPU
		{66897FA0-AA23-44CE-A26B-E1AB1332F8C3}.Release|Any CPU.Build.0 = Release|Any CPU
		{A34C48DB-12C6-4676-B723-98C865669EFB}.Debug|Any CPU.ActiveCfg = Debug|Any CPU
		{A34C48DB-12C6-4676-B723-98C865669EFB}.Debug|Any CPU.Build.0 = Debug|Any CPU
		{A34C48DB-12C6-4676-B723-98C865669EFB}.Release|Any CPU.ActiveCfg = Release|Any CPU
		{A34C48DB-12C6-4676-B723-98C865669EFB}.Release|Any CPU.Build.0 = Release|Any CPU
		{41D2AB78-1683-4900-8F70-44281014AF5F}.Debug|Any CPU.ActiveCfg = Debug|Any CPU
		{41D2AB78-1683-4900-8F70-44281014AF5F}.Debug|Any CPU.Build.0 = Debug|Any CPU
		{41D2AB78-1683-4900-8F70-44281014AF5F}.Release|Any CPU.ActiveCfg = Release|Any CPU
		{41D2AB78-1683-4900-8F70-44281014AF5F}.Release|Any CPU.Build.0 = Release|Any CPU
		{27114737-6AAE-4C60-9EB8-96D56AB94C01}.Debug|Any CPU.ActiveCfg = Debug|Any CPU
		{27114737-6AAE-4C60-9EB8-96D56AB94C01}.Debug|Any CPU.Build.0 = Debug|Any CPU
		{27114737-6AAE-4C60-9EB8-96D56AB94C01}.Release|Any CPU.ActiveCfg = Release|Any CPU
		{27114737-6AAE-4C60-9EB8-96D56AB94C01}.Release|Any CPU.Build.0 = Release|Any CPU
		{AC428669-3EAA-45AC-AA6E-ED3463CB37E3}.Debug|Any CPU.ActiveCfg = Debug|Any CPU
		{AC428669-3EAA-45AC-AA6E-ED3463CB37E3}.Debug|Any CPU.Build.0 = Debug|Any CPU
		{AC428669-3EAA-45AC-AA6E-ED3463CB37E3}.Release|Any CPU.ActiveCfg = Release|Any CPU
		{AC428669-3EAA-45AC-AA6E-ED3463CB37E3}.Release|Any CPU.Build.0 = Release|Any CPU
	EndGlobalSection
	GlobalSection(SolutionProperties) = preSolution
		HideSolutionNode = FALSE
	EndGlobalSection
	GlobalSection(ExtensibilityGlobals) = postSolution
		SolutionGuid = {B4967F92-3D73-443C-9315-68EA998BDCD3}
	EndGlobalSection
EndGlobal
